
Microsoft Visual Studio Solution File, Format Version 12.00
# Visual Studio Version 17
VisualStudioVersion = 17.4.33122.133
MinimumVisualStudioVersion = 10.0.40219.1
Project("{9A19103F-16F7-4668-BE54-9A1E7A4F7556}") = "GameStore.Application", "GameStore.Application\GameStore.Application.csproj", "{0DC8470B-6175-4C15-B4CC-BD54DEDC1F88}"
EndProject
Project("{9A19103F-16F7-4668-BE54-9A1E7A4F7556}") = "GameStore.Data.Access", "GameStore.Data.Access\GameStore.Data.Access.csproj", "{79B0F289-871A-4F03-8EC1-9AA5020574C5}"
EndProject
Project("{9A19103F-16F7-4668-BE54-9A1E7A4F7556}") = "GameStore.Data.Entities", "GameStore.Data.Entities\GameStore.Data.Entities.csproj", "{BD2C3BAF-4D10-4BCF-BF8C-525FC548EFF5}"
EndProject
Project("{9A19103F-16F7-4668-BE54-9A1E7A4F7556}") = "GameStore.Web.API", "GameStore.Web.API\GameStore.Web.API.csproj", "{A85A119D-8F9B-4026-90B0-4FE170042D91}"
EndProject
Project("{9A19103F-16F7-4668-BE54-9A1E7A4F7556}") = "GameStore.Web.UI", "GameStore.Web.UI\GameStore.Web.UI.csproj", "{EE314FC1-F640-4C26-A17C-5CC7ACEBBD73}"
EndProject
Project("{9A19103F-16F7-4668-BE54-9A1E7A4F7556}") = "GameStore.Common", "GameStore.Common\GameStore.Common.csproj", "{D181A633-1C12-4123-A405-68081A4D4201}"
EndProject
Project("{FAE04EC0-301F-11D3-BF4B-00C04F79EFBC}") = "GameStore.Web.Shared", "GameStore.Web.Shared\GameStore.Web.Shared.csproj", "{1CEA1939-0F19-4817-A546-824CF4A00604}"
EndProject
Global
	GlobalSection(SolutionConfigurationPlatforms) = preSolution
		Debug|Any CPU = Debug|Any CPU
		Release|Any CPU = Release|Any CPU
	EndGlobalSection
	GlobalSection(ProjectConfigurationPlatforms) = postSolution
		{0DC8470B-6175-4C15-B4CC-BD54DEDC1F88}.Debug|Any CPU.ActiveCfg = Debug|Any CPU
		{0DC8470B-6175-4C15-B4CC-BD54DEDC1F88}.Debug|Any CPU.Build.0 = Debug|Any CPU
		{0DC8470B-6175-4C15-B4CC-BD54DEDC1F88}.Release|Any CPU.ActiveCfg = Release|Any CPU
		{0DC8470B-6175-4C15-B4CC-BD54DEDC1F88}.Release|Any CPU.Build.0 = Release|Any CPU
		{79B0F289-871A-4F03-8EC1-9AA5020574C5}.Debug|Any CPU.ActiveCfg = Debug|Any CPU
		{79B0F289-871A-4F03-8EC1-9AA5020574C5}.Debug|Any CPU.Build.0 = Debug|Any CPU
		{79B0F289-871A-4F03-8EC1-9AA5020574C5}.Release|Any CPU.ActiveCfg = Release|Any CPU
		{79B0F289-871A-4F03-8EC1-9AA5020574C5}.Release|Any CPU.Build.0 = Release|Any CPU
		{BD2C3BAF-4D10-4BCF-BF8C-525FC548EFF5}.Debug|Any CPU.ActiveCfg = Debug|Any CPU
		{BD2C3BAF-4D10-4BCF-BF8C-525FC548EFF5}.Debug|Any CPU.Build.0 = Debug|Any CPU
		{BD2C3BAF-4D10-4BCF-BF8C-525FC548EFF5}.Release|Any CPU.ActiveCfg = Release|Any CPU
		{BD2C3BAF-4D10-4BCF-BF8C-525FC548EFF5}.Release|Any CPU.Build.0 = Release|Any CPU
		{A85A119D-8F9B-4026-90B0-4FE170042D91}.Debug|Any CPU.ActiveCfg = Debug|Any CPU
		{A85A119D-8F9B-4026-90B0-4FE170042D91}.Debug|Any CPU.Build.0 = Debug|Any CPU
		{A85A119D-8F9B-4026-90B0-4FE170042D91}.Release|Any CPU.ActiveCfg = Release|Any CPU
		{A85A119D-8F9B-4026-90B0-4FE170042D91}.Release|Any CPU.Build.0 = Release|Any CPU
		{EE314FC1-F640-4C26-A17C-5CC7ACEBBD73}.Debug|Any CPU.ActiveCfg = Debug|Any CPU
		{EE314FC1-F640-4C26-A17C-5CC7ACEBBD73}.Debug|Any CPU.Build.0 = Debug|Any CPU
		{EE314FC1-F640-4C26-A17C-5CC7ACEBBD73}.Release|Any CPU.ActiveCfg = Release|Any CPU
		{EE314FC1-F640-4C26-A17C-5CC7ACEBBD73}.Release|Any CPU.Build.0 = Release|Any CPU
		{D181A633-1C12-4123-A405-68081A4D4201}.Debug|Any CPU.ActiveCfg = Debug|Any CPU
		{D181A633-1C12-4123-A405-68081A4D4201}.Debug|Any CPU.Build.0 = Debug|Any CPU
		{D181A633-1C12-4123-A405-68081A4D4201}.Release|Any CPU.ActiveCfg = Release|Any CPU
		{D181A633-1C12-4123-A405-68081A4D4201}.Release|Any CPU.Build.0 = Release|Any CPU
		{1CEA1939-0F19-4817-A546-824CF4A00604}.Debug|Any CPU.ActiveCfg = Debug|Any CPU
		{1CEA1939-0F19-4817-A546-824CF4A00604}.Debug|Any CPU.Build.0 = Debug|Any CPU
		{1CEA1939-0F19-4817-A546-824CF4A00604}.Release|Any CPU.ActiveCfg = Release|Any CPU
		{1CEA1939-0F19-4817-A546-824CF4A00604}.Release|Any CPU.Build.0 = Release|Any CPU
	EndGlobalSection
	GlobalSection(SolutionProperties) = preSolution
		HideSolutionNode = FALSE
	EndGlobalSection
	GlobalSection(ExtensibilityGlobals) = postSolution
		SolutionGuid = {F310AD96-A0A2-4CC4-B317-0B9C7230801B}
	EndGlobalSection
EndGlobal
